Microsoft Visual Studio Solution File, Format Version 11.00
# Visual Studio 2008

Project("{B9147E4F-1B04-9994-EBC1-7D37BAFAA2E9}") = "Vamp", "Assembly-CSharp-firstpass.csproj", "{59B28A93-DB94-3568-3CA6-C30DF172551D}"
EndProject
Project("{B9147E4F-1B04-9994-EBC1-7D37BAFAA2E9}") = "Vamp", "Assembly-CSharp.csproj", "{1314EB59-7DDA-5928-E464-8601052EAE73}"
EndProject
Project("{B9147E4F-1B04-9994-EBC1-7D37BAFAA2E9}") = "Vamp", "Assembly-UnityScript-firstpass.unityproj", "{F4CD4478-ACB3-D955-B71E-67A4044F7B3D}"
EndProject
Project("{B9147E4F-1B04-9994-EBC1-7D37BAFAA2E9}") = "Vamp", "Assembly-UnityScript.unityproj", "{175726DF-3F21-40C2-5F09-13ABF2A5297C}"
EndProject
Global
	GlobalSection(SolutionConfigurationPlatforms) = preSolution
		Debug|Any CPU = Debug|Any CPU
		Release|Any CPU = Release|Any CPU
	EndGlobalSection
	GlobalSection(ProjectConfigurationPlatforms) = postSolution
		{59B28A93-DB94-3568-3CA6-C30DF172551D}.Debug|Any CPU.ActiveCfg = Debug|Any CPU
		{59B28A93-DB94-3568-3CA6-C30DF172551D}.Debug|Any CPU.Build.0 = Debug|Any CPU
		{59B28A93-DB94-3568-3CA6-C30DF172551D}.Release|Any CPU.ActiveCfg = Release|Any CPU
		{59B28A93-DB94-3568-3CA6-C30DF172551D}.Release|Any CPU.Build.0 = Release|Any CPU
		{1314EB59-7DDA-5928-E464-8601052EAE73}.Debug|Any CPU.ActiveCfg = Debug|Any CPU
		{1314EB59-7DDA-5928-E464-8601052EAE73}.Debug|Any CPU.Build.0 = Debug|Any CPU
		{1314EB59-7DDA-5928-E464-8601052EAE73}.Release|Any CPU.ActiveCfg = Release|Any CPU
		{1314EB59-7DDA-5928-E464-8601052EAE73}.Release|Any CPU.Build.0 = Release|Any CPU
		{F4CD4478-ACB3-D955-B71E-67A4044F7B3D}.Debug|Any CPU.ActiveCfg = Debug|Any CPU
		{F4CD4478-ACB3-D955-B71E-67A4044F7B3D}.Debug|Any CPU.Build.0 = Debug|Any CPU
		{F4CD4478-ACB3-D955-B71E-67A4044F7B3D}.Release|Any CPU.ActiveCfg = Release|Any CPU
		{F4CD4478-ACB3-D955-B71E-67A4044F7B3D}.Release|Any CPU.Build.0 = Release|Any CPU
		{175726DF-3F21-40C2-5F09-13ABF2A5297C}.Debug|Any CPU.ActiveCfg = Debug|Any CPU
		{175726DF-3F21-40C2-5F09-13ABF2A5297C}.Debug|Any CPU.Build.0 = Debug|Any CPU
		{175726DF-3F21-40C2-5F09-13ABF2A5297C}.Release|Any CPU.ActiveCfg = Release|Any CPU
		{175726DF-3F21-40C2-5F09-13ABF2A5297C}.Release|Any CPU.Build.0 = Release|Any CPU
	EndGlobalSection
	GlobalSection(SolutionProperties) = preSolution
		HideSolutionNode = FALSE
	EndGlobalSection
																																																																																																																													GlobalSection(MonoDevelopProperties) = preSolution
																																																																																																																															GlobalSection(MonoDevelopProperties) = preSolution
		StartupItem = Assembly-CSharp.csproj
		Policies = $0
		$0.TextStylePolicy = $1
		$1.inheritsSet = null
		$1.scope = text/x-csharp
		$0.CSharpFormattingPolicy = $2
		$2.inheritsSet = Mono
		$2.inheritsScope = text/x-csharp
		$2.scope = text/x-csharp
		$0.TextStylePolicy = $3
		$3.FileWidth = 120
		$3.TabWidth = 4
		$3.EolMarker = Unix
		$3.inheritsSet = Mono
		$3.inheritsScope = text/plain
		$3.scope = text/plain
	EndGlobalSection

EndGlobal
